Microsoft Visual Studio Solution File, Format Version 12.00
# Visual Studio 2012
Project("{FAE04EC0-301F-11D3-BF4B-00C04F79EFBC}") = "Life", "Life.csproj", "{F255BBD2-A5D6-484A-86E2-DC65F9CD81A7}"
EndProject
Global
	GlobalSection(SolutionConfigurationPlatforms) = preSolution
	Debug|Any CPU = Debug|Any CPU
	Release|Any CPU = Release|Any CPU
	Tools|Any CPU = Tools|Any CPU
	EndGlobalSection
	GlobalSection(ProjectConfigurationPlatforms) = postSolution
		{F255BBD2-A5D6-484A-86E2-DC65F9CD81A7}.Debug|Any CPU.ActiveCfg = Debug|Any CPU
		{F255BBD2-A5D6-484A-86E2-DC65F9CD81A7}.Debug|Any CPU.Build.0 = Debug|Any CPU
		{F255BBD2-A5D6-484A-86E2-DC65F9CD81A7}.Release|Any CPU.ActiveCfg = Release|Any CPU
		{F255BBD2-A5D6-484A-86E2-DC65F9CD81A7}.Release|Any CPU.Build.0 = Release|Any CPU
		{F255BBD2-A5D6-484A-86E2-DC65F9CD81A7}.Tools|Any CPU.ActiveCfg = Tools|Any CPU
		{F255BBD2-A5D6-484A-86E2-DC65F9CD81A7}.Tools|Any CPU.Build.0 = Tools|Any CPU
	EndGlobalSection
EndGlobal
